
Microsoft Visual Studio Solution File, Format Version 12.00
# Visual Studio Version 16
VisualStudioVersion = 16.0.29025.244
MinimumVisualStudioVersion = 10.0.40219.1
Project("{FAE04EC0-301F-11D3-BF4B-00C04F79EFBC}") = "ChatAppApi", "ChatAppApi\ChatAppApi.csproj", "{6F9840F4-5464-44E7-A659-44932C4C4E8D}"
EndProject
Global
	GlobalSection(SolutionConfigurationPlatforms) = preSolution
		Debug|Any CPU = Debug|Any CPU
		Release|Any CPU = Release|Any CPU
	EndGlobalSection
	GlobalSection(ProjectConfigurationPlatforms) = postSolution
		{6F9840F4-5464-44E7-A659-44932C4C4E8D}.Debug|Any CPU.ActiveCfg = Debug|Any CPU
		{6F9840F4-5464-44E7-A659-44932C4C4E8D}.Debug|Any CPU.Build.0 = Debug|Any CPU
		{6F9840F4-5464-44E7-A659-44932C4C4E8D}.Release|Any CPU.ActiveCfg = Release|Any CPU
		{6F9840F4-5464-44E7-A659-44932C4C4E8D}.Release|Any CPU.Build.0 = Release|Any CPU
	EndGlobalSection
	GlobalSection(SolutionProperties) = preSolution
		HideSolutionNode = FALSE
	EndGlobalSection
	GlobalSection(ExtensibilityGlobals) = postSolution
		SolutionGuid = {D7966AD6-8B1A-4AB5-9520-11A1F62AB958}
	EndGlobalSection
EndGlobal
